
Microsoft Visual Studio Solution File, Format Version 12.00
# Visual Studio Version 17
VisualStudioVersion = 17.6.33815.320
MinimumVisualStudioVersion = 10.0.40219.1
Project("{9A19103F-16F7-4668-BE54-9A1E7A4F7556}") = "UsersAPI.Services", "UsersAPI.Services\UsersAPI.Services.csproj", "{02929E11-8A28-40CC-B75D-0BAD321CBA57}"
EndProject
Project("{2150E333-8FDC-42A3-9474-1A3956D46DE8}") = "API", "API", "{1E7CBB32-F1E5-4CC5-8C26-6D74E4518DE4}"
EndProject
Project("{2150E333-8FDC-42A3-9474-1A3956D46DE8}") = "DDD", "DDD", "{86373876-299B-4ADD-998F-365194D5179B}"
EndProject
Project("{2150E333-8FDC-42A3-9474-1A3956D46DE8}") = "Tests", "Tests", "{83994E45-2A14-4F43-97D3-32BE850D5A2A}"
EndProject
Project("{2150E333-8FDC-42A3-9474-1A3956D46DE8}") = "Aplication", "Aplication", "{44DFEE18-A8C9-4EA0-AB4B-47E6F17D4C4B}"
EndProject
Project("{2150E333-8FDC-42A3-9474-1A3956D46DE8}") = "Domain", "Domain", "{DC5B7C87-EE03-4653-A24D-D1FDAF8CDE05}"
EndProject
Project("{2150E333-8FDC-42A3-9474-1A3956D46DE8}") = "InfraStructure", "InfraStructure", "{38BFAC78-D269-4B8B-8C3F-A1061DE6D544}"
EndProject
Project("{FAE04EC0-301F-11D3-BF4B-00C04F79EFBC}") = "UsersAPI.Aplication", "UsersAPI.Aplication\UsersAPI.Aplication.csproj", "{D626ADE2-E3F4-4E52-ADF3-74096DB0A800}"
EndProject
Project("{FAE04EC0-301F-11D3-BF4B-00C04F79EFBC}") = "UsersAPI.Domain", "UsersAPI.Domain\UsersAPI.Domain.csproj", "{35275FAA-E0E1-4591-A9D4-57F4E53D66F4}"
EndProject
Project("{FAE04EC0-301F-11D3-BF4B-00C04F79EFBC}") = "UsersAPI.Infra.Data", "UsersAPI.Infra.Data\UsersAPI.Infra.Data.csproj", "{5F77B72E-53E8-45BE-B4F0-9F4F576F0C84}"
EndProject
Project("{FAE04EC0-301F-11D3-BF4B-00C04F79EFBC}") = "UsersAPI.Tests", "UsersAPI.Tests\UsersAPI.Tests.csproj", "{92E805DE-4E0F-4E01-87DC-8E4EB915A5CE}"
EndProject
Global
	GlobalSection(SolutionConfigurationPlatforms) = preSolution
		Debug|Any CPU = Debug|Any CPU
		Release|Any CPU = Release|Any CPU
	EndGlobalSection
	GlobalSection(ProjectConfigurationPlatforms) = postSolution
		{02929E11-8A28-40CC-B75D-0BAD321CBA57}.Debug|Any CPU.ActiveCfg = Debug|Any CPU
		{02929E11-8A28-40CC-B75D-0BAD321CBA57}.Debug|Any CPU.Build.0 = Debug|Any CPU
		{02929E11-8A28-40CC-B75D-0BAD321CBA57}.Release|Any CPU.ActiveCfg = Release|Any CPU
		{02929E11-8A28-40CC-B75D-0BAD321CBA57}.Release|Any CPU.Build.0 = Release|Any CPU
		{D626ADE2-E3F4-4E52-ADF3-74096DB0A800}.Debug|Any CPU.ActiveCfg = Debug|Any CPU
		{D626ADE2-E3F4-4E52-ADF3-74096DB0A800}.Debug|Any CPU.Build.0 = Debug|Any CPU
		{D626ADE2-E3F4-4E52-ADF3-74096DB0A800}.Release|Any CPU.ActiveCfg = Release|Any CPU
		{D626ADE2-E3F4-4E52-ADF3-74096DB0A800}.Release|Any CPU.Build.0 = Release|Any CPU
		{35275FAA-E0E1-4591-A9D4-57F4E53D66F4}.Debug|Any CPU.ActiveCfg = Debug|Any CPU
		{35275FAA-E0E1-4591-A9D4-57F4E53D66F4}.Debug|Any CPU.Build.0 = Debug|Any CPU
		{35275FAA-E0E1-4591-A9D4-57F4E53D66F4}.Release|Any CPU.ActiveCfg = Release|Any CPU
		{35275FAA-E0E1-4591-A9D4-57F4E53D66F4}.Release|Any CPU.Build.0 = Release|Any CPU
		{5F77B72E-53E8-45BE-B4F0-9F4F576F0C84}.Debug|Any CPU.ActiveCfg = Debug|Any CPU
		{5F77B72E-53E8-45BE-B4F0-9F4F576F0C84}.Debug|Any CPU.Build.0 = Debug|Any CPU
		{5F77B72E-53E8-45BE-B4F0-9F4F576F0C84}.Release|Any CPU.ActiveCfg = Release|Any CPU
		{5F77B72E-53E8-45BE-B4F0-9F4F576F0C84}.Release|Any CPU.Build.0 = Release|Any CPU
		{92E805DE-4E0F-4E01-87DC-8E4EB915A5CE}.Debug|Any CPU.ActiveCfg = Debug|Any CPU
		{92E805DE-4E0F-4E01-87DC-8E4EB915A5CE}.Debug|Any CPU.Build.0 = Debug|Any CPU
		{92E805DE-4E0F-4E01-87DC-8E4EB915A5CE}.Release|Any CPU.ActiveCfg = Release|Any CPU
		{92E805DE-4E0F-4E01-87DC-8E4EB915A5CE}.Release|Any CPU.Build.0 = Release|Any CPU
	EndGlobalSection
	GlobalSection(SolutionProperties) = preSolution
		HideSolutionNode = FALSE
	EndGlobalSection
	GlobalSection(NestedProjects) = preSolution
		{02929E11-8A28-40CC-B75D-0BAD321CBA57} = {1E7CBB32-F1E5-4CC5-8C26-6D74E4518DE4}
		{44DFEE18-A8C9-4EA0-AB4B-47E6F17D4C4B} = {86373876-299B-4ADD-998F-365194D5179B}
		{DC5B7C87-EE03-4653-A24D-D1FDAF8CDE05} = {86373876-299B-4ADD-998F-365194D5179B}
		{38BFAC78-D269-4B8B-8C3F-A1061DE6D544} = {86373876-299B-4ADD-998F-365194D5179B}
		{D626ADE2-E3F4-4E52-ADF3-74096DB0A800} = {44DFEE18-A8C9-4EA0-AB4B-47E6F17D4C4B}
		{35275FAA-E0E1-4591-A9D4-57F4E53D66F4} = {DC5B7C87-EE03-4653-A24D-D1FDAF8CDE05}
		{5F77B72E-53E8-45BE-B4F0-9F4F576F0C84} = {38BFAC78-D269-4B8B-8C3F-A1061DE6D544}
		{92E805DE-4E0F-4E01-87DC-8E4EB915A5CE} = {83994E45-2A14-4F43-97D3-32BE850D5A2A}
	EndGlobalSection
	GlobalSection(ExtensibilityGlobals) = postSolution
		SolutionGuid = {1326E8BE-60E5-412A-ADC3-CC12EA8ED8B7}
	EndGlobalSection
EndGlobal
